// !$*UTF8*$!
{
	archiveVersion = 1;
	classes = {
	};
	objectVersion = 48;
	objects = {

/* Begin PBXBuildFile section */
		7998CB4D1F21F416004B5B3B /* AppDelegate.swift in Sources */ = {isa = PBXBuildFile; fileRef = 7998CB4C1F21F416004B5B3B /* AppDelegate.swift */; };
		7998CB4F1F21F416004B5B3B /* ViewController.swift in Sources */ = {isa = PBXBuildFile; fileRef = 7998CB4E1F21F416004B5B3B /* ViewController.swift */; };
		7998CB521F21F416004B5B3B /* Main.storyboard in Resources */ = {isa = PBXBuildFile; fileRef = 7998CB501F21F416004B5B3B /* Main.storyboard */; };
		7998CB541F21F416004B5B3B /* Assets.xcassets in Resources */ = {isa = PBXBuildFile; fileRef = 7998CB531F21F416004B5B3B /* Assets.xcassets */; };
		7998CB571F21F416004B5B3B /* LaunchScreen.storyboard in Resources */ = {isa = PBXBuildFile; fileRef = 7998CB551F21F416004B5B3B /* LaunchScreen.storyboard */; };
		7998CB671F21F45D004B5B3B /* Example.h in Headers */ = {isa = PBXBuildFile; fileRef = 7998CB651F21F45D004B5B3B /* Example.h */; settings = {ATTRIBUTES = (Public, ); }; };
		7998CB6A1F21F45D004B5B3B /* Example.framework in Frameworks */ = {isa = PBXBuildFile; fileRef = 7998CB631F21F45D004B5B3B /* Example.framework */; };
		7998CB6B1F21F45D004B5B3B /* Example.framework in Embed Frameworks */ = {isa = PBXBuildFile; fileRef = 7998CB631F21F45D004B5B3B /* Example.framework */; settings = {ATTRIBUTES = (CodeSignOnCopy, RemoveHeadersOnCopy, ); }; };
		7998CB711F21F4B5004B5B3B /* Assets.xcassets in Resources */ = {isa = PBXBuildFile; fileRef = 7998CB701F21F4B5004B5B3B /* Assets.xcassets */; };
		7998CB731F21F69A004B5B3B /* ImageLoaders.swift in Sources */ = {isa = PBXBuildFile; fileRef = 7998CB721F21F69A004B5B3B /* ImageLoaders.swift */; };
/* End PBXBuildFile section */

/* Begin PBXContainerItemProxy section */
		7998CB681F21F45D004B5B3B /* PBXContainerItemProxy */ = {
			isa = PBXContainerItemProxy;
			containerPortal = 7998CB411F21F416004B5B3B /* Project object */;
			proxyType = 1;
			remoteGlobalIDString = 7998CB621F21F45D004B5B3B;
			remoteInfo = Example;
		};
/* End PBXContainerItemProxy section */

/* Begin PBXCopyFilesBuildPhase section */
		7998CB6F1F21F45D004B5B3B /* Embed Frameworks */ = {
			isa = PBXCopyFilesBuildPhase;
			buildActionMask = 2147483647;
			dstPath = "";
			dstSubfolderSpec = 10;
			files = (
				7998CB6B1F21F45D004B5B3B /* Example.framework in Embed Frameworks */,
			);
			name = "Embed Frameworks";
			runOnlyForDeploymentPostprocessing = 0;
		};
/* End PBXCopyFilesBuildPhase section */

/* Begin PBXFileReference section */
		7998CB491F21F416004B5B3B /* BundleBug.app */ = {isa = PBXFileReference; explicitFileType = wrapper.application; includeInIndex = 0; path = BundleBug.app; sourceTree = BUILT_PRODUCTS_DIR; };
		7998CB4C1F21F416004B5B3B /* AppDelegate.swift */ = {isa = PBXFileReference; lastKnownFileType = sourcecode.swift; path = AppDelegate.swift; sourceTree = "<group>"; };
		7998CB4E1F21F416004B5B3B /* ViewController.swift */ = {isa = PBXFileReference; lastKnownFileType = sourcecode.swift; path = ViewController.swift; sourceTree = "<group>"; };
		7998CB511F21F416004B5B3B /* Base */ = {isa = PBXFileReference; lastKnownFileType = file.storyboard; name = Base; path = Base.lproj/Main.storyboard; sourceTree = "<group>"; };
		7998CB531F21F416004B5B3B /* Assets.xcassets */ = {isa = PBXFileReference; lastKnownFileType = folder.assetcatalog; path = Assets.xcassets; sourceTree = "<group>"; };
		7998CB561F21F416004B5B3B /* Base */ = {isa = PBXFileReference; lastKnownFileType = file.storyboard; name = Base; path = Base.lproj/LaunchScreen.storyboard; sourceTree = "<group>"; };
		7998CB581F21F416004B5B3B /* Info.plist */ = {isa = PBXFileReference; lastKnownFileType = text.plist.xml; path = Info.plist; sourceTree = "<group>"; };
		7998CB631F21F45D004B5B3B /* Example.framework */ = {isa = PBXFileReference; explicitFileType = wrapper.framework; includeInIndex = 0; path = Example.framework; sourceTree = BUILT_PRODUCTS_DIR; };
		7998CB651F21F45D004B5B3B /* Example.h */ = {isa = PBXFileReference; lastKnownFileType = sourcecode.c.h; path = Example.h; sourceTree = "<group>"; };
		7998CB661F21F45D004B5B3B /* Info.plist */ = {isa = PBXFileReference; lastKnownFileType = text.plist.xml; path = Info.plist; sourceTree = "<group>"; };
		7998CB701F21F4B5004B5B3B /* Assets.xcassets */ = {isa = PBXFileReference; lastKnownFileType = folder.assetcatalog; path = Assets.xcassets; sourceTree = "<group>"; };
		7998CB721F21F69A004B5B3B /* ImageLoaders.swift */ = {isa = PBXFileReference; lastKnownFileType = sourcecode.swift; path = ImageLoaders.swift; sourceTree = "<group>"; };
/* End PBXFileReference section */

/* Begin PBXFrameworksBuildPhase section */
		7998CB461F21F416004B5B3B /* Frameworks */ = {
			isa = PBXFrameworksBuildPhase;
			buildActionMask = 2147483647;
			files = (
				7998CB6A1F21F45D004B5B3B /* Example.framework in Frameworks */,
			);
			runOnlyForDeploymentPostprocessing = 0;
		};
		7998CB5F1F21F45D004B5B3B /* Frameworks */ = {
			isa = PBXFrameworksBuildPhase;
			buildActionMask = 2147483647;
			files = (
			);
			runOnlyForDeploymentPostprocessing = 0;
		};
/* End PBXFrameworksBuildPhase section */

/* Begin PBXGroup section */
		7998CB401F21F416004B5B3B = {
			isa = PBXGroup;
			children = (
				7998CB4B1F21F416004B5B3B /* BundleBug */,
				7998CB641F21F45D004B5B3B /* Example */,
				7998CB4A1F21F416004B5B3B /* Products */,
			);
			sourceTree = "<group>";
		};
		7998CB4A1F21F416004B5B3B /* Products */ = {
			isa = PBXGroup;
			children = (
				7998CB491F21F416004B5B3B /* BundleBug.app */,
				7998CB631F21F45D004B5B3B /* Example.framework */,
			);
			name = Products;
			sourceTree = "<group>";
		};
		7998CB4B1F21F416004B5B3B /* BundleBug */ = {
			isa = PBXGroup;
			children = (
				7998CB4C1F21F416004B5B3B /* AppDelegate.swift */,
				7998CB4E1F21F416004B5B3B /* ViewController.swift */,
				7998CB501F21F416004B5B3B /* Main.storyboard */,
				7998CB531F21F416004B5B3B /* Assets.xcassets */,
				7998CB551F21F416004B5B3B /* LaunchScreen.storyboard */,
				7998CB581F21F416004B5B3B /* Info.plist */,
			);
			path = BundleBug;
			sourceTree = "<group>";
		};
		7998CB641F21F45D004B5B3B /* Example */ = {
			isa = PBXGroup;
			children = (
				7998CB651F21F45D004B5B3B /* Example.h */,
				7998CB661F21F45D004B5B3B /* Info.plist */,
				7998CB701F21F4B5004B5B3B /* Assets.xcassets */,
				7998CB721F21F69A004B5B3B /* ImageLoaders.swift */,
			);
			path = Example;
			sourceTree = "<group>";
		};
/* End PBXGroup section */

/* Begin PBXHeadersBuildPhase section */
		7998CB601F21F45D004B5B3B /* Headers */ = {
			isa = PBXHeadersBuildPhase;
			buildActionMask = 2147483647;
			files = (
				7998CB671F21F45D004B5B3B /* Example.h in Headers */,
			);
			runOnlyForDeploymentPostprocessing = 0;
		};
/* End PBXHeadersBuildPhase section */

/* Begin PBXNativeTarget section */
		7998CB481F21F416004B5B3B /* BundleBug */ = {
			isa = PBXNativeTarget;
			buildConfigurationList = 7998CB5B1F21F416004B5B3B /* Build configuration list for PBXNativeTarget "BundleBug" */;
			buildPhases = (
				7998CB451F21F416004B5B3B /* Sources */,
				7998CB461F21F416004B5B3B /* Frameworks */,
				7998CB471F21F416004B5B3B /* Resources */,
				7998CB6F1F21F45D004B5B3B /* Embed Frameworks */,
			);
			buildRules = (
			);
			dependencies = (
				7998CB691F21F45D004B5B3B /* PBXTargetDependency */,
			);
			name = BundleBug;
			productName = BundleBug;
			productReference = 7998CB491F21F416004B5B3B /* BundleBug.app */;
			productType = "com.apple.product-type.application";
		};
		7998CB621F21F45D004B5B3B /* Example */ = {
			isa = PBXNativeTarget;
			buildConfigurationList = 7998CB6C1F21F45D004B5B3B /* Build configuration list for PBXNativeTarget "Example" */;
			buildPhases = (
				7998CB5E1F21F45D004B5B3B /* Sources */,
				7998CB5F1F21F45D004B5B3B /* Frameworks */,
				7998CB601F21F45D004B5B3B /* Headers */,
				7998CB611F21F45D004B5B3B /* Resources */,
			);
			buildRules = (
			);
			dependencies = (
			);
			name = Example;
			productName = Example;
			productReference = 7998CB631F21F45D004B5B3B /* Example.framework */;
			productType = "com.apple.product-type.framework";
		};
/* End PBXNativeTarget section */

/* Begin PBXProject section */
		7998CB411F21F416004B5B3B /* Project object */ = {
			isa = PBXProject;
			attributes = {
				LastSwiftUpdateCheck = 0900;
				LastUpgradeCheck = 0900;
				ORGANIZATIONNAME = "Greg Spiers";
				TargetAttributes = {
					7998CB481F21F416004B5B3B = {
						CreatedOnToolsVersion = 9.0;
					};
					7998CB621F21F45D004B5B3B = {
						CreatedOnToolsVersion = 9.0;
						LastSwiftMigration = 0900;
					};
				};
			};
			buildConfigurationList = 7998CB441F21F416004B5B3B /* Build configuration list for PBXProject "BundleBug" */;
			compatibilityVersion = "Xcode 8.0";
			developmentRegion = en;
			hasScannedForEncodings = 0;
			knownRegions = (
				en,
				Base,
			);
			mainGroup = 7998CB401F21F416004B5B3B;
			productRefGroup = 7998CB4A1F21F416004B5B3B /* Products */;
			projectDirPath = "";
			projectRoot = "";
			targets = (
				7998CB481F21F416004B5B3B /* BundleBug */,
				7998CB621F21F45D004B5B3B /* Example */,
			);
		};
/* End PBXProject section */

/* Begin PBXResourcesBuildPhase section */
		7998CB471F21F416004B5B3B /* Resources */ = {
			isa = PBXResourcesBuildPhase;
			buildActionMask = 2147483647;
			files = (
				7998CB571F21F416004B5B3B /* LaunchScreen.storyboard in Resources */,
				7998CB541F21F416004B5B3B /* Assets.xcassets in Resources */,
				7998CB521F21F416004B5B3B /* Main.storyboard in Resources */,
			);
			runOnlyForDeploymentPostprocessing = 0;
		};
		7998CB611F21F45D004B5B3B /* Resources */ = {
			isa = PBXResourcesBuildPhase;
			buildActionMask = 2147483647;
			files = (
				7998CB711F21F4B5004B5B3B /* Assets.xcassets in Resources */,
			);
			runOnlyForDeploymentPostprocessing = 0;
		};
/* End PBXResourcesBuildPhase section */

/* Begin PBXSourcesBuildPhase section */
		7998CB451F21F416004B5B3B /* Sources */ = {
			isa = PBXSourcesBuildPhase;
			buildActionMask = 2147483647;
			files = (
				7998CB4F1F21F416004B5B3B /* ViewController.swift in Sources */,
				7998CB4D1F21F416004B5B3B /* AppDelegate.swift in Sources */,
			);
			runOnlyForDeploymentPostprocessing = 0;
		};
		7998CB5E1F21F45D004B5B3B /* Sources */ = {
			isa = PBXSourcesBuildPhase;
			buildActionMask = 2147483647;
			files = (
				7998CB731F21F69A004B5B3B /* ImageLoaders.swift in Sources */,
			);
			runOnlyForDeploymentPostprocessing = 0;
		};
/* End PBXSourcesBuildPhase section */

/* Begin PBXTargetDependency section */
		7998CB691F21F45D004B5B3B /* PBXTargetDependency */ = {
			isa = PBXTargetDependency;
			target = 7998CB621F21F45D004B5B3B /* Example */;
			targetProxy = 7998CB681F21F45D004B5B3B /* PBXContainerItemProxy */;
		};
/* End PBXTargetDependency section */

/* Begin PBXVariantGroup section */
		7998CB501F21F416004B5B3B /* Main.storyboard */ = {
			isa = PBXVariantGroup;
			children = (
				7998CB511F21F416004B5B3B /* Base */,
			);
			name = Main.storyboard;
			sourceTree = "<group>";
		};
		7998CB551F21F416004B5B3B /* LaunchScreen.storyboard */ = {
			isa = PBXVariantGroup;
			children = (
				7998CB561F21F416004B5B3B /* Base */,
			);
			name = LaunchScreen.storyboard;
			sourceTree = "<group>";
		};
/* End PBXVariantGroup section */

/* Begin XCBuildConfiguration section */
		7998CB591F21F416004B5B3B /* Debug */ = {
			isa = XCBuildConfiguration;
			buildSettings = {
				ALWAYS_SEARCH_USER_PATHS = NO;
				CLANG_ANALYZER_NONNULL = YES;
				CLANG_ANALYZER_NUMBER_OBJECT_CONVERSION = YES_AGGRESSIVE;
				CLANG_CXX_LANGUAGE_STANDARD = "gnu++14";
				CLANG_CXX_LIBRARY = "libc++";
				CLANG_ENABLE_MODULES = YES;
				CLANG_ENABLE_OBJC_ARC = YES;
				CLANG_WARN_BLOCK_CAPTURE_AUTORELEASING = YES;
				CLANG_WARN_BOOL_CONVERSION = YES;
				CLANG_WARN_COMMA = YES;
				CLANG_WARN_CONSTANT_CONVERSION = YES;
				CLANG_WARN_DIRECT_OBJC_ISA_USAGE = YES_ERROR;
				CLANG_WARN_DOCUMENTATION_COMMENTS = YES;
				CLANG_WARN_EMPTY_BODY = YES;
				CLANG_WARN_ENUM_CONVERSION = YES;
				CLANG_WARN_INFINITE_RECURSION = YES;
				CLANG_WARN_INT_CONVERSION = YES;
				CLANG_WARN_NON_LITERAL_NULL_CONVERSION = YES;
				CLANG_WARN_OBJC_LITERAL_CONVERSION = YES;
				CLANG_WARN_OBJC_ROOT_CLASS = YES_ERROR;
				CLANG_WARN_RANGE_LOOP_ANALYSIS = YES;
				CLANG_WARN_STRICT_PROTOTYPES = YES;
				CLANG_WARN_SUSPICIOUS_MOVE = YES;
				CLANG_WARN_UNGUARDED_AVAILABILITY = YES_AGGRESSIVE;
				CLANG_WARN_UNREACHABLE_CODE = YES;
				CLANG_WARN__DUPLICATE_METHOD_MATCH = YES;
				CODE_SIGN_IDENTITY = "iPhone Developer";
				COPY_PHASE_STRIP = NO;
				DEBUG_INFORMATION_FORMAT = dwarf;
				ENABLE_STRICT_OBJC_MSGSEND = YES;
				ENABLE_TESTABILITY = YES;
				GCC_C_LANGUAGE_STANDARD = gnu11;
				GCC_DYNAMIC_NO_PIC = NO;
				GCC_NO_COMMON_BLOCKS = YES;
				GCC_OPTIMIZATION_LEVEL = 0;
				GCC_PREPROCESSOR_DEFINITIONS = (
					"DEBUG=1",
					"$(inherited)",
				);
				GCC_WARN_64_TO_32_BIT_CONVERSION = YES;
				GCC_WARN_ABOUT_RETURN_TYPE = YES_ERROR;
				GCC_WARN_UNDECLARED_SELECTOR = YES;
				GCC_WARN_UNINITIALIZED_AUTOS = YES_AGGRESSIVE;
				GCC_WARN_UNUSED_FUNCTION = YES;
				GCC_WARN_UNUSED_VARIABLE = YES;
				IPHONEOS_DEPLOYMENT_TARGET = 11.0;
				MTL_ENABLE_DEBUG_INFO = YES;
				ONLY_ACTIVE_ARCH = YES;
				SDKROOT = iphoneos;
				SWIFT_ACTIVE_COMPILATION_CONDITIONS = DEBUG;
				SWIFT_OPTIMIZATION_LEVEL = "-Onone";
			};
			name = Debug;
		};
		7998CB5A1F21F416004B5B3B /* Release */ = {
			isa = XCBuildConfiguration;
			buildSettings = {
				ALWAYS_SEARCH_USER_PATHS = NO;
				CLANG_ANALYZER_NONNULL = YES;
				CLANG_ANALYZER_NUMBER_OBJECT_CONVERSION = YES_AGGRESSIVE;
				CLANG_CXX_LANGUAGE_STANDARD = "gnu++14";
				CLANG_CXX_LIBRARY = "libc++";
				CLANG_ENABLE_MODULES = YES;
				CLANG_ENABLE_OBJC_ARC = YES;
				CLANG_WARN_BLOCK_CAPTURE_AUTORELEASING = YES;
				CLANG_WARN_BOOL_CONVERSION = YES;
				CLANG_WARN_COMMA = YES;
				CLANG_WARN_CONSTANT_CONVERSION = YES;
				CLANG_WARN_DIRECT_OBJC_ISA_USAGE = YES_ERROR;
				CLANG_WARN_DOCUMENTATION_COMMENTS = YES;
				CLANG_WARN_EMPTY_BODY = YES;
				CLANG_WARN_ENUM_CONVERSION = YES;
				CLANG_WARN_INFINITE_RECURSION = YES;
				CLANG_WARN_INT_CONVERSION = YES;
				CLANG_WARN_NON_LITERAL_NULL_CONVERSION = YES;
				CLANG_WARN_OBJC_LITERAL_CONVERSION = YES;
				CLANG_WARN_OBJC_ROOT_CLASS = YES_ERROR;
				CLANG_WARN_RANGE_LOOP_ANALYSIS = YES;
				CLANG_WARN_STRICT_PROTOTYPES = YES;
				CLANG_WARN_SUSPICIOUS_MOVE = YES;
				CLANG_WARN_UNGUARDED_AVAILABILITY = YES_AGGRESSIVE;
				CLANG_WARN_UNREACHABLE_CODE = YES;
				CLANG_WARN__DUPLICATE_METHOD_MATCH = YES;
				CODE_SIGN_IDENTITY = "iPhone Developer";
				COPY_PHASE_STRIP = NO;
				DEBUG_INFORMATION_FORMAT = "dwarf-with-dsym";
				ENABLE_NS_ASSERTIONS = NO;
				ENABLE_STRICT_OBJC_MSGSEND = YES;
				GCC_C_LANGUAGE_STANDARD = gnu11;
				GCC_NO_COMMON_BLOCKS = YES;
				GCC_WARN_64_TO_32_BIT_CONVERSION = YES;
				GCC_WARN_ABOUT_RETURN_TYPE = YES_ERROR;
				GCC_WARN_UNDECLARED_SELECTOR = YES;
				GCC_WARN_UNINITIALIZED_AUTOS = YES_AGGRESSIVE;
				GCC_WARN_UNUSED_FUNCTION = YES;
				GCC_WARN_UNUSED_VARIABLE = YES;
				IPHONEOS_DEPLOYMENT_TARGET = 11.0;
				MTL_ENABLE_DEBUG_INFO = NO;
				SDKROOT = iphoneos;
				SWIFT_OPTIMIZATION_LEVEL = "-Owholemodule";
				VALIDATE_PRODUCT = YES;
			};
			name = Release;
		};
		7998CB5C1F21F416004B5B3B /* Debug */ = {
			isa = XCBuildConfiguration;
			buildSettings = {
				ALWAYS_EMBED_SWIFT_STANDARD_LIBRARIES = YES;
				ASSETCATALOG_COMPILER_APPICON_NAME = AppIcon;
				DEVELOPMENT_TEAM = 2H3G5QN682;
				INFOPLIST_FILE = BundleBug/Info.plist;
				LD_RUNPATH_SEARCH_PATHS = "$(inherited) @executable_path/Frameworks";
				PRODUCT_BUNDLE_IDENTIFIER = com.gspiers.testing.BundleBug;
				PRODUCT_NAME = "$(TARGET_NAME)";
				SWIFT_VERSION = 4.0;
				TARGETED_DEVICE_FAMILY = "1,2";
			};
			name = Debug;
		};
		7998CB5D1F21F416004B5B3B /* Release */ = {
			isa = XCBuildConfiguration;
			buildSettings = {
				ALWAYS_EMBED_SWIFT_STANDARD_LIBRARIES = YES;
				ASSETCATALOG_COMPILER_APPICON_NAME = AppIcon;
				DEVELOPMENT_TEAM = 2H3G5QN682;
				INFOPLIST_FILE = BundleBug/Info.plist;
				LD_RUNPATH_SEARCH_PATHS = "$(inherited) @executable_path/Frameworks";
				PRODUCT_BUNDLE_IDENTIFIER = com.gspiers.testing.BundleBug;
				PRODUCT_NAME = "$(TARGET_NAME)";
				SWIFT_VERSION = 4.0;
				TARGETED_DEVICE_FAMILY = "1,2";
			};
			name = Release;
		};
		7998CB6D1F21F45D004B5B3B /* Debug */ = {
			isa = XCBuildConfiguration;
			buildSettings = {
				CLANG_ENABLE_MODULES = YES;
				CODE_SIGN_IDENTITY = "";
				CURRENT_PROJECT_VERSION = 1;
				DEFINES_MODULE = YES;
				DEVELOPMENT_TEAM = 2H3G5QN682;
				DYLIB_COMPATIBILITY_VERSION = 1;
				DYLIB_CURRENT_VERSION = 1;
				DYLIB_INSTALL_NAME_BASE = "@rpath";
				INFOPLIST_FILE = Example/Info.plist;
				INSTALL_PATH = "$(LOCAL_LIBRARY_DIR)/Frameworks";
				LD_RUNPATH_SEARCH_PATHS = "$(inherited) @executable_path/Frameworks @loader_path/Frameworks";
				PRODUCT_BUNDLE_IDENTIFIER = com.gspiers.testing.Example;
				PRODUCT_NAME = "$(TARGET_NAME:c99extidentifier)";
				SKIP_INSTALL = YES;
				SWIFT_OPTIMIZATION_LEVEL = "-Onone";
				SWIFT_VERSION = 4.0;
				TARGETED_DEVICE_FAMILY = "1,2";
				VERSIONING_SYSTEM = "apple-generic";
				VERSION_INFO_PREFIX = "";
			};
			name = Debug;
		};
		7998CB6E1F21F45D004B5B3B /* Release */ = {
			isa = XCBuildConfiguration;
			buildSettings = {
				CLANG_ENABLE_MODULES = YES;
				CODE_SIGN_IDENTITY = "";
				CURRENT_PROJECT_VERSION = 1;
				DEFINES_MODULE = YES;
				DEVELOPMENT_TEAM = 2H3G5QN682;
				DYLIB_COMPATIBILITY_VERSION = 1;
				DYLIB_CURRENT_VERSION = 1;
				DYLIB_INSTALL_NAME_BASE = "@rpath";
				INFOPLIST_FILE = Example/Info.plist;
				INSTALL_PATH = "$(LOCAL_LIBRARY_DIR)/Frameworks";
				LD_RUNPATH_SEARCH_PATHS = "$(inherited) @executable_path/Frameworks @loader_path/Frameworks";
				PRODUCT_BUNDLE_IDENTIFIER = com.gspiers.testing.Example;
				PRODUCT_NAME = "$(TARGET_NAME:c99extidentifier)";
				SKIP_INSTALL = YES;
				SWIFT_VERSION = 4.0;
				TARGETED_DEVICE_FAMILY = "1,2";
				VERSIONING_SYSTEM = "apple-generic";
				VERSION_INFO_PREFIX = "";
			};
			name = Release;
		};
/* End XCBuildConfiguration section */

/* Begin XCConfigurationList section */
		7998CB441F21F416004B5B3B /* Build configuration list for PBXProject "BundleBug" */ = {
			isa = XCConfigurationList;
			buildConfigurations = (
				7998CB591F21F416004B5B3B /* Debug */,
				7998CB5A1F21F416004B5B3B /* Release */,
			);
			defaultConfigurationIsVisible = 0;
			defaultConfigurationName = Release;
		};
		7998CB5B1F21F416004B5B3B /* Build configuration list for PBXNativeTarget "BundleBug" */ = {
			isa = XCConfigurationList;
			buildConfigurations = (
				7998CB5C1F21F416004B5B3B /* Debug */,
				7998CB5D1F21F416004B5B3B /* Release */,
			);
			defaultConfigurationIsVisible = 0;
		};
		7998CB6C1F21F45D004B5B3B /* Build configuration list for PBXNativeTarget "Example" */ = {
			isa = XCConfigurationList;
			buildConfigurations = (
				7998CB6D1F21F45D004B5B3B /* Debug */,
				7998CB6E1F21F45D004B5B3B /* Release */,
			);
			defaultConfigurationIsVisible = 0;
		};
/* End XCConfigurationList section */
	};
	rootObject = 7998CB411F21F416004B5B3B /* Project object */;
}
